
Microsoft Visual Studio Solution File, Format Version 12.00
# Visual Studio 15
VisualStudioVersion = 15.0.27130.2010
MinimumVisualStudioVersion = 10.0.40219.1
Project("{8BC9CEB8-8B4A-11D0-8D11-00A0C91BC942}") = "minisensor", "minisensor.vcxproj", "{D3654235-35DE-4118-9501-F3196F163F92}"
EndProject
Global
	GlobalSection(SolutionConfigurationPlatforms) = preSolution
		Debug|x86 = Debug|x86
		Release|x86 = Release|x86
	EndGlobalSection
	GlobalSection(ProjectConfigurationPlatforms) = postSolution
		{D3654235-35DE-4118-9501-F3196F163F92}.Debug|x86.ActiveCfg = Debug|Win32
		{D3654235-35DE-4118-9501-F3196F163F92}.Debug|x86.Build.0 = Debug|Win32
		{D3654235-35DE-4118-9501-F3196F163F92}.Release|x86.ActiveCfg = Release|Win32
		{D3654235-35DE-4118-9501-F3196F163F92}.Release|x86.Build.0 = Release|Win32
	EndGlobalSection
	GlobalSection(SolutionProperties) = preSolution
		HideSolutionNode = FALSE
	EndGlobalSection
	GlobalSection(ExtensibilityGlobals) = postSolution
		SolutionGuid = {B7709D7E-EEE4-4E7A-8D32-F489B3E113A9}
	EndGlobalSection
EndGlobal
